
Microsoft Visual Studio Solution File, Format Version 10.00
# Visual C# Express 2008
Project("{FAE04EC0-301F-11D3-BF4B-00C04F79EFBC}") = "Kalibrasi.GUI", "Kalibrasi.GUI\Kalibrasi.GUI.csproj", "{4D26A77A-DAE4-40C2-871D-8AEC67719731}"
EndProject
Project("{FAE04EC0-301F-11D3-BF4B-00C04F79EFBC}") = "Kalibrasi.Data", "Kalibrasi.Data\Kalibrasi.Data.csproj", "{3914D062-B664-4721-BC7D-611E39A2BB03}"
EndProject
Global
	GlobalSection(SolutionConfigurationPlatforms) = preSolution
		Debug|Any CPU = Debug|Any CPU
		Release|Any CPU = Release|Any CPU
	EndGlobalSection
	GlobalSection(ProjectConfigurationPlatforms) = postSolution
		{4D26A77A-DAE4-40C2-871D-8AEC67719731}.Debug|Any CPU.ActiveCfg = Debug|Any CPU
		{4D26A77A-DAE4-40C2-871D-8AEC67719731}.Debug|Any CPU.Build.0 = Debug|Any CPU
		{4D26A77A-DAE4-40C2-871D-8AEC67719731}.Release|Any CPU.ActiveCfg = Release|Any CPU
		{4D26A77A-DAE4-40C2-871D-8AEC67719731}.Release|Any CPU.Build.0 = Release|Any CPU
		{3914D062-B664-4721-BC7D-611E39A2BB03}.Debug|Any CPU.ActiveCfg = Debug|Any CPU
		{3914D062-B664-4721-BC7D-611E39A2BB03}.Debug|Any CPU.Build.0 = Debug|Any CPU
		{3914D062-B664-4721-BC7D-611E39A2BB03}.Release|Any CPU.ActiveCfg = Release|Any CPU
		{3914D062-B664-4721-BC7D-611E39A2BB03}.Release|Any CPU.Build.0 = Release|Any CPU
	EndGlobalSection
	GlobalSection(SolutionProperties) = preSolution
		HideSolutionNode = FALSE
	EndGlobalSection
EndGlobal
